Microsoft Visual Studio Solution File, Format Version 12.00
# Visual Studio Version 16
VisualStudioVersion = 16.0.30114.105
MinimumVisualStudioVersion = 10.0.40219.1
Project("{FAE04EC0-301F-11D3-BF4B-00C04F79EFBC}") = "dol-hub", "dol-hub\dol-hub.csproj", "{102C503F-A92C-4E15-9036-7375F947858F}"
EndProject
Project("{FAE04EC0-301F-11D3-BF4B-00C04F79EFBC}") = "dol-hub.test", "dol-hub.test\dol-hub.test.csproj", "{2BC17347-14F7-45B4-810D-181351864B31}"
EndProject
Global
	GlobalSection(SolutionConfigurationPlatforms) = preSolution
		Debug|Any CPU = Debug|Any CPU
		Release|Any CPU = Release|Any CPU
	EndGlobalSection
	GlobalSection(SolutionProperties) = preSolution
		HideSolutionNode = FALSE
	EndGlobalSection
	GlobalSection(ProjectConfigurationPlatforms) = postSolution
		{102C503F-A92C-4E15-9036-7375F947858F}.Debug|Any CPU.ActiveCfg = Debug|Any CPU
		{102C503F-A92C-4E15-9036-7375F947858F}.Debug|Any CPU.Build.0 = Debug|Any CPU
		{102C503F-A92C-4E15-9036-7375F947858F}.Release|Any CPU.ActiveCfg = Release|Any CPU
		{102C503F-A92C-4E15-9036-7375F947858F}.Release|Any CPU.Build.0 = Release|Any CPU
		{2BC17347-14F7-45B4-810D-181351864B31}.Debug|Any CPU.ActiveCfg = Debug|Any CPU
		{2BC17347-14F7-45B4-810D-181351864B31}.Debug|Any CPU.Build.0 = Debug|Any CPU
		{2BC17347-14F7-45B4-810D-181351864B31}.Release|Any CPU.ActiveCfg = Release|Any CPU
		{2BC17347-14F7-45B4-810D-181351864B31}.Release|Any CPU.Build.0 = Release|Any CPU
	EndGlobalSection
EndGlobal
